// !$*UTF8*$!
{
	archiveVersion = 1;
	classes = {
	};
	objectVersion = 50;
	objects = {

/* Begin PBXBuildFile section */
		DC09071525C4F082001A1D29 /* AppDelegate.swift in Sources */ = {isa = PBXBuildFile; fileRef = DC09071425C4F082001A1D29 /* AppDelegate.swift */; };
		DC09071725C4F082001A1D29 /* SceneDelegate.swift in Sources */ = {isa = PBXBuildFile; fileRef = DC09071625C4F082001A1D29 /* SceneDelegate.swift */; };
		DC09071925C4F082001A1D29 /* CompaniesViewController.swift in Sources */ = {isa = PBXBuildFile; fileRef = DC09071825C4F082001A1D29 /* CompaniesViewController.swift */; };
		DC09071E25C4F083001A1D29 /* Assets.xcassets in Resources */ = {isa = PBXBuildFile; fileRef = DC09071D25C4F083001A1D29 /* Assets.xcassets */; };
		DC09072125C4F083001A1D29 /* LaunchScreen.storyboard in Resources */ = {isa = PBXBuildFile; fileRef = DC09071F25C4F083001A1D29 /* LaunchScreen.storyboard */; };
		DC09072925C537DA001A1D29 /* UIImage+colorConstructor.swift in Sources */ = {isa = PBXBuildFile; fileRef = DC09072825C537DA001A1D29 /* UIImage+colorConstructor.swift */; };
		DC09072D25C5974E001A1D29 /* AddCompanyController.swift in Sources */ = {isa = PBXBuildFile; fileRef = DC09072C25C5974E001A1D29 /* AddCompanyController.swift */; };
		DC2342DC25C6979900C4E047 /* TextInputStackView.swift in Sources */ = {isa = PBXBuildFile; fileRef = DC2342DB25C6979900C4E047 /* TextInputStackView.swift */; };
		DC264F3B25CB8CE600EA4965 /* CompanyEmployeeCoreDataStack.swift in Sources */ = {isa = PBXBuildFile; fileRef = DC264F3A25CB8CE600EA4965 /* CompanyEmployeeCoreDataStack.swift */; };
		DC27DCD025CE2DCB008D3FD8 /* EditableRowsDiffableDataSource.swift in Sources */ = {isa = PBXBuildFile; fileRef = DC27DCCF25CE2DCB008D3FD8 /* EditableRowsDiffableDataSource.swift */; };
		DC40BFFB25CBF5A5004F6EA6 /* IndentedLabel.swift in Sources */ = {isa = PBXBuildFile; fileRef = DC40BFFA25CBF5A5004F6EA6 /* IndentedLabel.swift */; };
		DC40BFFD25CC20DF004F6EA6 /* EmployeeTitle.swift in Sources */ = {isa = PBXBuildFile; fileRef = DC40BFFC25CC20DF004F6EA6 /* EmployeeTitle.swift */; };
		DC5CE4A925CCEC0800BC22EE /* FetchedResultsTableViewController.swift in Sources */ = {isa = PBXBuildFile; fileRef = DC5CE4A825CCEC0800BC22EE /* FetchedResultsTableViewController.swift */; };
		DC7D8EC725CE6FCD0006C7D9 /* Service.swift in Sources */ = {isa = PBXBuildFile; fileRef = DC7D8EC625CE6FCD0006C7D9 /* Service.swift */; };
		DC7D8EC925CE75220006C7D9 /* JSONCompany.swift in Sources */ = {isa = PBXBuildFile; fileRef = DC7D8EC825CE75220006C7D9 /* JSONCompany.swift */; };
		DCA2DC3B25C6DE3D00603C08 /* Model.xcdatamodeld in Sources */ = {isa = PBXBuildFile; fileRef = DCA2DC3925C6DE3D00603C08 /* Model.xcdatamodeld */; };
		DCA2DC3D25C6DF4400603C08 /* CoreDataStack.swift in Sources */ = {isa = PBXBuildFile; fileRef = DCA2DC3C25C6DF4400603C08 /* CoreDataStack.swift */; };
		DCD06F6425C6457E00D573BE /* UIView+tAMIC.swift in Sources */ = {isa = PBXBuildFile; fileRef = DCD06F6325C6457E00D573BE /* UIView+tAMIC.swift */; };
		DCF1C7C225D0E940008AA96F /* CompanyEmployeController.swift in Sources */ = {isa = PBXBuildFile; fileRef = DCF1C7C125D0E940008AA96F /* CompanyEmployeController.swift */; };
		DCF1C7C425D1100E008AA96F /* AddCompanyEmployeeController.swift in Sources */ = {isa = PBXBuildFile; fileRef = DCF1C7C325D1100E008AA96F /* AddCompanyEmployeeController.swift */; };
		DCF1C7C625D118A7008AA96F /* ImagePickerProtocol.swift in Sources */ = {isa = PBXBuildFile; fileRef = DCF1C7C525D118A7008AA96F /* ImagePickerProtocol.swift */; };
		DCF1C7C825D11CF6008AA96F /* UIDatePicker+datePicker.swift in Sources */ = {isa = PBXBuildFile; fileRef = DCF1C7C725D11CF6008AA96F /* UIDatePicker+datePicker.swift */; };
		DCF1C7CC25D122C2008AA96F /* UISegmentedController+employeeTitles.swift in Sources */ = {isa = PBXBuildFile; fileRef = DCF1C7CB25D122C2008AA96F /* UISegmentedController+employeeTitles.swift */; };
		DCF1C7D225D12F6D008AA96F /* JSONEmployee.swift in Sources */ = {isa = PBXBuildFile; fileRef = DCF1C7D125D12F6D008AA96F /* JSONEmployee.swift */; };
		DCF1C7D525D130BF008AA96F /* Constants.swift in Sources */ = {isa = PBXBuildFile; fileRef = DCF1C7D425D130BF008AA96F /* Constants.swift */; };
		DCF7F71425CA432200432910 /* CompanyCell.swift in Sources */ = {isa = PBXBuildFile; fileRef = DCF7F71325CA432200432910 /* CompanyCell.swift */; };
		DCF7F71825CA4AE000432910 /* DateFormatter+customInstance.swift in Sources */ = {isa = PBXBuildFile; fileRef = DCF7F71725CA4AE000432910 /* DateFormatter+customInstance.swift */; };
		DCF7F72225CA64CC00432910 /* CompanyCoreDataStack.swift in Sources */ = {isa = PBXBuildFile; fileRef = DCF7F72125CA64CC00432910 /* CompanyCoreDataStack.swift */; };
		DCF7F72425CA991E00432910 /* EmployeesController.swift in Sources */ = {isa = PBXBuildFile; fileRef = DCF7F72325CA991E00432910 /* EmployeesController.swift */; };
		DCF7F72825CAA21600432910 /* UIViewController+barButtonItem.swift in Sources */ = {isa = PBXBuildFile; fileRef = DCF7F72725CAA21600432910 /* UIViewController+barButtonItem.swift */; };
		DCF7F72A25CAA7EB00432910 /* AddEmployeeController.swift in Sources */ = {isa = PBXBuildFile; fileRef = DCF7F72925CAA7EB00432910 /* AddEmployeeController.swift */; };
		DCF7F72C25CAAD1700432910 /* AddItemProtocol.swift in Sources */ = {isa = PBXBuildFile; fileRef = DCF7F72B25CAAD1700432910 /* AddItemProtocol.swift */; };
		DCF7F72E25CAED2F00432910 /* LightBlueBackgroundColorProtocol.swift in Sources */ = {isa = PBXBuildFile; fileRef = DCF7F72D25CAED2F00432910 /* LightBlueBackgroundColorProtocol.swift */; };
/* End PBXBuildFile section */

/* Begin PBXFileReference section */
		DC09071125C4F082001A1D29 /* IntermediateTraining.app */ = {isa = PBXFileReference; explicitFileType = wrapper.application; includeInIndex = 0; path = IntermediateTraining.app; sourceTree = BUILT_PRODUCTS_DIR; };
		DC09071425C4F082001A1D29 /* AppDelegate.swift */ = {isa = PBXFileReference; lastKnownFileType = sourcecode.swift; path = AppDelegate.swift; sourceTree = "<group>"; };
		DC09071625C4F082001A1D29 /* SceneDelegate.swift */ = {isa = PBXFileReference; lastKnownFileType = sourcecode.swift; path = SceneDelegate.swift; sourceTree = "<group>"; };
		DC09071825C4F082001A1D29 /* CompaniesViewController.swift */ = {isa = PBXFileReference; lastKnownFileType = sourcecode.swift; path = CompaniesViewController.swift; sourceTree = "<group>"; };
		DC09071D25C4F083001A1D29 /* Assets.xcassets */ = {isa = PBXFileReference; lastKnownFileType = folder.assetcatalog; path = Assets.xcassets; sourceTree = "<group>"; };
		DC09072025C4F083001A1D29 /* Base */ = {isa = PBXFileReference; lastKnownFileType = file.storyboard; name = Base; path = Base.lproj/LaunchScreen.storyboard; sourceTree = "<group>"; };
		DC09072225C4F083001A1D29 /* Info.plist */ = {isa = PBXFileReference; lastKnownFileType = text.plist.xml; path = Info.plist; sourceTree = "<group>"; };
		DC09072825C537DA001A1D29 /* UIImage+colorConstructor.swift */ = {isa = PBXFileReference; lastKnownFileType = sourcecode.swift; path = "UIImage+colorConstructor.swift"; sourceTree = "<group>"; };
		DC09072C25C5974E001A1D29 /* AddCompanyController.swift */ = {isa = PBXFileReference; lastKnownFileType = sourcecode.swift; path = AddCompanyController.swift; sourceTree = "<group>"; };
		DC2342DB25C6979900C4E047 /* TextInputStackView.swift */ = {isa = PBXFileReference; lastKnownFileType = sourcecode.swift; path = TextInputStackView.swift; sourceTree = "<group>"; };
		DC264F3A25CB8CE600EA4965 /* CompanyEmployeeCoreDataStack.swift */ = {isa = PBXFileReference; lastKnownFileType = sourcecode.swift; path = CompanyEmployeeCoreDataStack.swift; sourceTree = "<group>"; };
		DC27DCCF25CE2DCB008D3FD8 /* EditableRowsDiffableDataSource.swift */ = {isa = PBXFileReference; lastKnownFileType = sourcecode.swift; name = EditableRowsDiffableDataSource.swift; path = IntermediateTraining/EditableRowsDiffableDataSource.swift; sourceTree = SOURCE_ROOT; };
		DC40BFFA25CBF5A5004F6EA6 /* IndentedLabel.swift */ = {isa = PBXFileReference; lastKnownFileType = sourcecode.swift; name = IndentedLabel.swift; path = IntermediateTraining/IndentedLabel.swift; sourceTree = SOURCE_ROOT; };
		DC40BFFC25CC20DF004F6EA6 /* EmployeeTitle.swift */ = {isa = PBXFileReference; lastKnownFileType = sourcecode.swift; name = EmployeeTitle.swift; path = IntermediateTraining/EmployeeTitle.swift; sourceTree = SOURCE_ROOT; };
		DC5CE4A825CCEC0800BC22EE /* FetchedResultsTableViewController.swift */ = {isa = PBXFileReference; lastKnownFileType = sourcecode.swift; path = FetchedResultsTableViewController.swift; sourceTree = "<group>"; };
		DC7D8EC625CE6FCD0006C7D9 /* Service.swift */ = {isa = PBXFileReference; lastKnownFileType = sourcecode.swift; path = Service.swift; sourceTree = "<group>"; };
		DC7D8EC825CE75220006C7D9 /* JSONCompany.swift */ = {isa = PBXFileReference; lastKnownFileType = sourcecode.swift; name = JSONCompany.swift; path = IntermediateTraining/JSONCompany.swift; sourceTree = SOURCE_ROOT; };
		DCA2DC3A25C6DE3D00603C08 /* Model.xcdatamodel */ = {isa = PBXFileReference; lastKnownFileType = wrapper.xcdatamodel; path = Model.xcdatamodel; sourceTree = "<group>"; };
		DCA2DC3C25C6DF4400603C08 /* CoreDataStack.swift */ = {isa = PBXFileReference; lastKnownFileType = sourcecode.swift; path = CoreDataStack.swift; sourceTree = "<group>"; };
		DCD06F6325C6457E00D573BE /* UIView+tAMIC.swift */ = {isa = PBXFileReference; lastKnownFileType = sourcecode.swift; path = "UIView+tAMIC.swift"; sourceTree = "<group>"; };
		DCF1C7C125D0E940008AA96F /* CompanyEmployeController.swift */ = {isa = PBXFileReference; lastKnownFileType = sourcecode.swift; name = CompanyEmployeController.swift; path = IntermediateTraining/CompanyEmployeController.swift; sourceTree = SOURCE_ROOT; };
		DCF1C7C325D1100E008AA96F /* AddCompanyEmployeeController.swift */ = {isa = PBXFileReference; lastKnownFileType = sourcecode.swift; path = AddCompanyEmployeeController.swift; sourceTree = "<group>"; };
		DCF1C7C525D118A7008AA96F /* ImagePickerProtocol.swift */ = {isa = PBXFileReference; lastKnownFileType = sourcecode.swift; name = ImagePickerProtocol.swift; path = IntermediateTraining/Protocols/ImagePickerProtocol.swift; sourceTree = SOURCE_ROOT; };
		DCF1C7C725D11CF6008AA96F /* UIDatePicker+datePicker.swift */ = {isa = PBXFileReference; lastKnownFileType = sourcecode.swift; path = "UIDatePicker+datePicker.swift"; sourceTree = "<group>"; };
		DCF1C7CB25D122C2008AA96F /* UISegmentedController+employeeTitles.swift */ = {isa = PBXFileReference; lastKnownFileType = sourcecode.swift; name = "UISegmentedController+employeeTitles.swift"; path = "IntermediateTraining/UISegmentedController+employeeTitles.swift"; sourceTree = SOURCE_ROOT; };
		DCF1C7D125D12F6D008AA96F /* JSONEmployee.swift */ = {isa = PBXFileReference; lastKnownFileType = sourcecode.swift; path = JSONEmployee.swift; sourceTree = "<group>"; };
		DCF1C7D425D130BF008AA96F /* Constants.swift */ = {isa = PBXFileReference; lastKnownFileType = sourcecode.swift; path = Constants.swift; sourceTree = "<group>"; };
		DCF7F71325CA432200432910 /* CompanyCell.swift */ = {isa = PBXFileReference; lastKnownFileType = sourcecode.swift; path = CompanyCell.swift; sourceTree = "<group>"; };
		DCF7F71725CA4AE000432910 /* DateFormatter+customInstance.swift */ = {isa = PBXFileReference; lastKnownFileType = sourcecode.swift; path = "DateFormatter+customInstance.swift"; sourceTree = "<group>"; };
		DCF7F72125CA64CC00432910 /* CompanyCoreDataStack.swift */ = {isa = PBXFileReference; lastKnownFileType = sourcecode.swift; path = CompanyCoreDataStack.swift; sourceTree = "<group>"; };
		DCF7F72325CA991E00432910 /* EmployeesController.swift */ = {isa = PBXFileReference; lastKnownFileType = sourcecode.swift; path = EmployeesController.swift; sourceTree = "<group>"; };
		DCF7F72725CAA21600432910 /* UIViewController+barButtonItem.swift */ = {isa = PBXFileReference; lastKnownFileType = sourcecode.swift; path = "UIViewController+barButtonItem.swift"; sourceTree = "<group>"; };
		DCF7F72925CAA7EB00432910 /* AddEmployeeController.swift */ = {isa = PBXFileReference; lastKnownFileType = sourcecode.swift; path = AddEmployeeController.swift; sourceTree = "<group>"; };
		DCF7F72B25CAAD1700432910 /* AddItemProtocol.swift */ = {isa = PBXFileReference; lastKnownFileType = sourcecode.swift; path = AddItemProtocol.swift; sourceTree = "<group>"; };
		DCF7F72D25CAED2F00432910 /* LightBlueBackgroundColorProtocol.swift */ = {isa = PBXFileReference; lastKnownFileType = sourcecode.swift; path = LightBlueBackgroundColorProtocol.swift; sourceTree = "<group>"; };
/* End PBXFileReference section */

/* Begin PBXFrameworksBuildPhase section */
		DC09070E25C4F082001A1D29 /* Frameworks */ = {
			isa = PBXFrameworksBuildPhase;
			buildActionMask = 2147483647;
			files = (
			);
			runOnlyForDeploymentPostprocessing = 0;
		};
/* End PBXFrameworksBuildPhase section */

/* Begin PBXGroup section */
		DC09070825C4F081001A1D29 = {
			isa = PBXGroup;
			children = (
				DC09071325C4F082001A1D29 /* IntermediateTraining */,
				DC09071225C4F082001A1D29 /* Products */,
			);
			sourceTree = "<group>";
		};
		DC09071225C4F082001A1D29 /* Products */ = {
			isa = PBXGroup;
			children = (
				DC09071125C4F082001A1D29 /* IntermediateTraining.app */,
			);
			name = Products;
			sourceTree = "<group>";
		};
		DC09071325C4F082001A1D29 /* IntermediateTraining */ = {
			isa = PBXGroup;
			children = (
				DCF1C7D625D1310F008AA96F /* Extensions */,
				DCF1C7D325D12F85008AA96F /* Controllers */,
				DCF1C7D025D12F46008AA96F /* Model */,
				DCF1C7CF25D12ED7008AA96F /* Protocols */,
				DCF1C7CE25D12E2D008AA96F /* Views */,
				DCF7F72025CA64A600432910 /* CoreDataStack */,
				DCF7F71A25CA5F7100432910 /* Utility */,
				DCF1C7CD25D12A7E008AA96F /* Supporting Files */,
				DC09072225C4F083001A1D29 /* Info.plist */,
			);
			path = IntermediateTraining;
			sourceTree = "<group>";
		};
		DCF1C7CD25D12A7E008AA96F /* Supporting Files */ = {
			isa = PBXGroup;
			children = (
				DCA2DC3925C6DE3D00603C08 /* Model.xcdatamodeld */,
				DC09071425C4F082001A1D29 /* AppDelegate.swift */,
				DC09071625C4F082001A1D29 /* SceneDelegate.swift */,
				DC09071D25C4F083001A1D29 /* Assets.xcassets */,
				DC09071F25C4F083001A1D29 /* LaunchScreen.storyboard */,
			);
			name = "Supporting Files";
			sourceTree = "<group>";
		};
		DCF1C7CE25D12E2D008AA96F /* Views */ = {
			isa = PBXGroup;
			children = (
				DC40BFFA25CBF5A5004F6EA6 /* IndentedLabel.swift */,
				DCF7F71325CA432200432910 /* CompanyCell.swift */,
				DC2342DB25C6979900C4E047 /* TextInputStackView.swift */,
			);
			name = Views;
			sourceTree = "<group>";
		};
		DCF1C7CF25D12ED7008AA96F /* Protocols */ = {
			isa = PBXGroup;
			children = (
				DCF1C7C525D118A7008AA96F /* ImagePickerProtocol.swift */,
				DCF7F72B25CAAD1700432910 /* AddItemProtocol.swift */,
				DCF7F72D25CAED2F00432910 /* LightBlueBackgroundColorProtocol.swift */,
			);
			path = Protocols;
			sourceTree = "<group>";
		};
		DCF1C7D025D12F46008AA96F /* Model */ = {
			isa = PBXGroup;
			children = (
				DC7D8EC825CE75220006C7D9 /* JSONCompany.swift */,
				DCF1C7D125D12F6D008AA96F /* JSONEmployee.swift */,
			);
			name = Model;
			sourceTree = "<group>";
		};
		DCF1C7D325D12F85008AA96F /* Controllers */ = {
			isa = PBXGroup;
			children = (
				DC5CE4A825CCEC0800BC22EE /* FetchedResultsTableViewController.swift */,
				DCF1C7C125D0E940008AA96F /* CompanyEmployeController.swift */,
				DC09071825C4F082001A1D29 /* CompaniesViewController.swift */,
				DCF7F72325CA991E00432910 /* EmployeesController.swift */,
				DCF1C7C325D1100E008AA96F /* AddCompanyEmployeeController.swift */,
				DC09072C25C5974E001A1D29 /* AddCompanyController.swift */,
				DCF7F72925CAA7EB00432910 /* AddEmployeeController.swift */,
			);
			name = Controllers;
			sourceTree = "<group>";
		};
		DCF1C7D625D1310F008AA96F /* Extensions */ = {
			isa = PBXGroup;
			children = (
				DCD06F6325C6457E00D573BE /* UIView+tAMIC.swift */,
				DCF1C7C725D11CF6008AA96F /* UIDatePicker+datePicker.swift */,
				DCF7F71725CA4AE000432910 /* DateFormatter+customInstance.swift */,
				DCF1C7CB25D122C2008AA96F /* UISegmentedController+employeeTitles.swift */,
				DC09072825C537DA001A1D29 /* UIImage+colorConstructor.swift */,
				DCF7F72725CAA21600432910 /* UIViewController+barButtonItem.swift */,
			);
			name = Extensions;
			sourceTree = "<group>";
		};
		DCF7F71A25CA5F7100432910 /* Utility */ = {
			isa = PBXGroup;
			children = (
				DC7D8EC625CE6FCD0006C7D9 /* Service.swift */,
				DC40BFFC25CC20DF004F6EA6 /* EmployeeTitle.swift */,
				DCF1C7D425D130BF008AA96F /* Constants.swift */,
				DC27DCCF25CE2DCB008D3FD8 /* EditableRowsDiffableDataSource.swift */,
			);
			name = Utility;
			sourceTree = "<group>";
		};
		DCF7F72025CA64A600432910 /* CoreDataStack */ = {
			isa = PBXGroup;
			children = (
				DCA2DC3C25C6DF4400603C08 /* CoreDataStack.swift */,
				DCF7F72125CA64CC00432910 /* CompanyCoreDataStack.swift */,
				DC264F3A25CB8CE600EA4965 /* CompanyEmployeeCoreDataStack.swift */,
			);
			name = CoreDataStack;
			sourceTree = "<group>";
		};
/* End PBXGroup section */

/* Begin PBXNativeTarget section */
		DC09071025C4F082001A1D29 /* IntermediateTraining */ = {
			isa = PBXNativeTarget;
			buildConfigurationList = DC09072525C4F083001A1D29 /* Build configuration list for PBXNativeTarget "IntermediateTraining" */;
			buildPhases = (
				DC09070D25C4F082001A1D29 /* Sources */,
				DC09070E25C4F082001A1D29 /* Frameworks */,
				DC09070F25C4F082001A1D29 /* Resources */,
			);
			buildRules = (
			);
			dependencies = (
			);
			name = IntermediateTraining;
			productName = IntermediateTraining;
			productReference = DC09071125C4F082001A1D29 /* IntermediateTraining.app */;
			productType = "com.apple.product-type.application";
		};
/* End PBXNativeTarget section */

/* Begin PBXProject section */
		DC09070925C4F081001A1D29 /* Project object */ = {
			isa = PBXProject;
			attributes = {
				LastSwiftUpdateCheck = 1160;
				LastUpgradeCheck = 1160;
				ORGANIZATIONNAME = Brevity;
				TargetAttributes = {
					DC09071025C4F082001A1D29 = {
						CreatedOnToolsVersion = 11.6;
					};
				};
			};
			buildConfigurationList = DC09070C25C4F081001A1D29 /* Build configuration list for PBXProject "IntermediateTraining" */;
			compatibilityVersion = "Xcode 9.3";
			developmentRegion = en;
			hasScannedForEncodings = 0;
			knownRegions = (
				en,
				Base,
			);
			mainGroup = DC09070825C4F081001A1D29;
			productRefGroup = DC09071225C4F082001A1D29 /* Products */;
			projectDirPath = "";
			projectRoot = "";
			targets = (
				DC09071025C4F082001A1D29 /* IntermediateTraining */,
			);
		};
/* End PBXProject section */

/* Begin PBXResourcesBuildPhase section */
		DC09070F25C4F082001A1D29 /* Resources */ = {
			isa = PBXResourcesBuildPhase;
			buildActionMask = 2147483647;
			files = (
				DC09072125C4F083001A1D29 /* LaunchScreen.storyboard in Resources */,
				DC09071E25C4F083001A1D29 /* Assets.xcassets in Resources */,
			);
			runOnlyForDeploymentPostprocessing = 0;
		};
/* End PBXResourcesBuildPhase section */

/* Begin PBXSourcesBuildPhase section */
		DC09070D25C4F082001A1D29 /* Sources */ = {
			isa = PBXSourcesBuildPhase;
			buildActionMask = 2147483647;
			files = (
				DC2342DC25C6979900C4E047 /* TextInputStackView.swift in Sources */,
				DCF7F71825CA4AE000432910 /* DateFormatter+customInstance.swift in Sources */,
				DC27DCD025CE2DCB008D3FD8 /* EditableRowsDiffableDataSource.swift in Sources */,
				DCF1C7CC25D122C2008AA96F /* UISegmentedController+employeeTitles.swift in Sources */,
				DC09071925C4F082001A1D29 /* CompaniesViewController.swift in Sources */,
				DC09071525C4F082001A1D29 /* AppDelegate.swift in Sources */,
				DCA2DC3D25C6DF4400603C08 /* CoreDataStack.swift in Sources */,
				DCF7F72225CA64CC00432910 /* CompanyCoreDataStack.swift in Sources */,
				DCF1C7C625D118A7008AA96F /* ImagePickerProtocol.swift in Sources */,
				DCF1C7D525D130BF008AA96F /* Constants.swift in Sources */,
				DCF7F72C25CAAD1700432910 /* AddItemProtocol.swift in Sources */,
				DCF1C7D225D12F6D008AA96F /* JSONEmployee.swift in Sources */,
				DCF7F72425CA991E00432910 /* EmployeesController.swift in Sources */,
				DCF1C7C225D0E940008AA96F /* CompanyEmployeController.swift in Sources */,
				DC40BFFB25CBF5A5004F6EA6 /* IndentedLabel.swift in Sources */,
				DC40BFFD25CC20DF004F6EA6 /* EmployeeTitle.swift in Sources */,
				DCF1C7C825D11CF6008AA96F /* UIDatePicker+datePicker.swift in Sources */,
				DCD06F6425C6457E00D573BE /* UIView+tAMIC.swift in Sources */,
				DCF1C7C425D1100E008AA96F /* AddCompanyEmployeeController.swift in Sources */,
				DCF7F71425CA432200432910 /* CompanyCell.swift in Sources */,
				DC09072925C537DA001A1D29 /* UIImage+colorConstructor.swift in Sources */,
				DC7D8EC925CE75220006C7D9 /* JSONCompany.swift in Sources */,
				DCA2DC3B25C6DE3D00603C08 /* Model.xcdatamodeld in Sources */,
				DCF7F72A25CAA7EB00432910 /* AddEmployeeController.swift in Sources */,
				DC7D8EC725CE6FCD0006C7D9 /* Service.swift in Sources */,
				DC264F3B25CB8CE600EA4965 /* CompanyEmployeeCoreDataStack.swift in Sources */,
				DC5CE4A925CCEC0800BC22EE /* FetchedResultsTableViewController.swift in Sources */,
				DCF7F72E25CAED2F00432910 /* LightBlueBackgroundColorProtocol.swift in Sources */,
				DC09071725C4F082001A1D29 /* SceneDelegate.swift in Sources */,
				DC09072D25C5974E001A1D29 /* AddCompanyController.swift in Sources */,
				DCF7F72825CAA21600432910 /* UIViewController+barButtonItem.swift in Sources */,
			);
			runOnlyForDeploymentPostprocessing = 0;
		};
/* End PBXSourcesBuildPhase section */

/* Begin PBXVariantGroup section */
		DC09071F25C4F083001A1D29 /* LaunchScreen.storyboard */ = {
			isa = PBXVariantGroup;
			children = (
				DC09072025C4F083001A1D29 /* Base */,
			);
			name = LaunchScreen.storyboard;
			sourceTree = "<group>";
		};
/* End PBXVariantGroup section */

/* Begin XCBuildConfiguration section */
		DC09072325C4F083001A1D29 /* Debug */ = {
			isa = XCBuildConfiguration;
			buildSettings = {
				ALWAYS_SEARCH_USER_PATHS = NO;
				CLANG_ANALYZER_NONNULL = YES;
				CLANG_ANALYZER_NUMBER_OBJECT_CONVERSION = YES_AGGRESSIVE;
				CLANG_CXX_LANGUAGE_STANDARD = "gnu++14";
				CLANG_CXX_LIBRARY = "libc++";
				CLANG_ENABLE_MODULES = YES;
				CLANG_ENABLE_OBJC_ARC = YES;
				CLANG_ENABLE_OBJC_WEAK = YES;
				CLANG_WARN_BLOCK_CAPTURE_AUTORELEASING = YES;
				CLANG_WARN_BOOL_CONVERSION = YES;
				CLANG_WARN_COMMA = YES;
				CLANG_WARN_CONSTANT_CONVERSION = YES;
				CLANG_WARN_DEPRECATED_OBJC_IMPLEMENTATIONS = YES;
				CLANG_WARN_DIRECT_OBJC_ISA_USAGE = YES_ERROR;
				CLANG_WARN_DOCUMENTATION_COMMENTS = YES;
				CLANG_WARN_EMPTY_BODY = YES;
				CLANG_WARN_ENUM_CONVERSION = YES;
				CLANG_WARN_INFINITE_RECURSION = YES;
				CLANG_WARN_INT_CONVERSION = YES;
				CLANG_WARN_NON_LITERAL_NULL_CONVERSION = YES;
				CLANG_WARN_OBJC_IMPLICIT_RETAIN_SELF = YES;
				CLANG_WARN_OBJC_LITERAL_CONVERSION = YES;
				CLANG_WARN_OBJC_ROOT_CLASS = YES_ERROR;
				CLANG_WARN_RANGE_LOOP_ANALYSIS = YES;
				CLANG_WARN_STRICT_PROTOTYPES = YES;
				CLANG_WARN_SUSPICIOUS_MOVE = YES;
				CLANG_WARN_UNGUARDED_AVAILABILITY = YES_AGGRESSIVE;
				CLANG_WARN_UNREACHABLE_CODE = YES;
				CLANG_WARN__DUPLICATE_METHOD_MATCH = YES;
				COPY_PHASE_STRIP = NO;
				DEBUG_INFORMATION_FORMAT = dwarf;
				ENABLE_STRICT_OBJC_MSGSEND = YES;
				ENABLE_TESTABILITY = YES;
				GCC_C_LANGUAGE_STANDARD = gnu11;
				GCC_DYNAMIC_NO_PIC = NO;
				GCC_NO_COMMON_BLOCKS = YES;
				GCC_OPTIMIZATION_LEVEL = 0;
				GCC_PREPROCESSOR_DEFINITIONS = (
					"DEBUG=1",
					"$(inherited)",
				);
				GCC_WARN_64_TO_32_BIT_CONVERSION = YES;
				GCC_WARN_ABOUT_RETURN_TYPE = YES_ERROR;
				GCC_WARN_UNDECLARED_SELECTOR = YES;
				GCC_WARN_UNINITIALIZED_AUTOS = YES_AGGRESSIVE;
				GCC_WARN_UNUSED_FUNCTION = YES;
				GCC_WARN_UNUSED_VARIABLE = YES;
				IPHONEOS_DEPLOYMENT_TARGET = 13.6;
				MTL_ENABLE_DEBUG_INFO = INCLUDE_SOURCE;
				MTL_FAST_MATH = YES;
				ONLY_ACTIVE_ARCH = YES;
				SDKROOT = iphoneos;
				SWIFT_ACTIVE_COMPILATION_CONDITIONS = DEBUG;
				SWIFT_OPTIMIZATION_LEVEL = "-Onone";
			};
			name = Debug;
		};
		DC09072425C4F083001A1D29 /* Release */ = {
			isa = XCBuildConfiguration;
			buildSettings = {
				ALWAYS_SEARCH_USER_PATHS = NO;
				CLANG_ANALYZER_NONNULL = YES;
				CLANG_ANALYZER_NUMBER_OBJECT_CONVERSION = YES_AGGRESSIVE;
				CLANG_CXX_LANGUAGE_STANDARD = "gnu++14";
				CLANG_CXX_LIBRARY = "libc++";
				CLANG_ENABLE_MODULES = YES;
				CLANG_ENABLE_OBJC_ARC = YES;
				CLANG_ENABLE_OBJC_WEAK = YES;
				CLANG_WARN_BLOCK_CAPTURE_AUTORELEASING = YES;
				CLANG_WARN_BOOL_CONVERSION = YES;
				CLANG_WARN_COMMA = YES;
				CLANG_WARN_CONSTANT_CONVERSION = YES;
				CLANG_WARN_DEPRECATED_OBJC_IMPLEMENTATIONS = YES;
				CLANG_WARN_DIRECT_OBJC_ISA_USAGE = YES_ERROR;
				CLANG_WARN_DOCUMENTATION_COMMENTS = YES;
				CLANG_WARN_EMPTY_BODY = YES;
				CLANG_WARN_ENUM_CONVERSION = YES;
				CLANG_WARN_INFINITE_RECURSION = YES;
				CLANG_WARN_INT_CONVERSION = YES;
				CLANG_WARN_NON_LITERAL_NULL_CONVERSION = YES;
				CLANG_WARN_OBJC_IMPLICIT_RETAIN_SELF = YES;
				CLANG_WARN_OBJC_LITERAL_CONVERSION = YES;
				CLANG_WARN_OBJC_ROOT_CLASS = YES_ERROR;
				CLANG_WARN_RANGE_LOOP_ANALYSIS = YES;
				CLANG_WARN_STRICT_PROTOTYPES = YES;
				CLANG_WARN_SUSPICIOUS_MOVE = YES;
				CLANG_WARN_UNGUARDED_AVAILABILITY = YES_AGGRESSIVE;
				CLANG_WARN_UNREACHABLE_CODE = YES;
				CLANG_WARN__DUPLICATE_METHOD_MATCH = YES;
				COPY_PHASE_STRIP = NO;
				DEBUG_INFORMATION_FORMAT = "dwarf-with-dsym";
				ENABLE_NS_ASSERTIONS = NO;
				ENABLE_STRICT_OBJC_MSGSEND = YES;
				GCC_C_LANGUAGE_STANDARD = gnu11;
				GCC_NO_COMMON_BLOCKS = YES;
				GCC_WARN_64_TO_32_BIT_CONVERSION = YES;
				GCC_WARN_ABOUT_RETURN_TYPE = YES_ERROR;
				GCC_WARN_UNDECLARED_SELECTOR = YES;
				GCC_WARN_UNINITIALIZED_AUTOS = YES_AGGRESSIVE;
				GCC_WARN_UNUSED_FUNCTION = YES;
				GCC_WARN_UNUSED_VARIABLE = YES;
				IPHONEOS_DEPLOYMENT_TARGET = 13.6;
				MTL_ENABLE_DEBUG_INFO = NO;
				MTL_FAST_MATH = YES;
				SDKROOT = iphoneos;
				SWIFT_COMPILATION_MODE = wholemodule;
				SWIFT_OPTIMIZATION_LEVEL = "-O";
				VALIDATE_PRODUCT = YES;
			};
			name = Release;
		};
		DC09072625C4F083001A1D29 /* Debug */ = {
			isa = XCBuildConfiguration;
			buildSettings = {
				ASSETCATALOG_COMPILER_APPICON_NAME = AppIcon;
				CODE_SIGN_STYLE = Automatic;
				DEVELOPMENT_TEAM = CRF7U674EN;
				INFOPLIST_FILE = IntermediateTraining/Info.plist;
				LD_RUNPATH_SEARCH_PATHS = (
					"$(inherited)",
					"@executable_path/Frameworks",
				);
				PRODUCT_BUNDLE_IDENTIFIER = China.FoeverKid.FreeLove.IntermediateTraining;
				PRODUCT_NAME = "$(TARGET_NAME)";
				SWIFT_VERSION = 5.0;
				TARGETED_DEVICE_FAMILY = "1,2";
			};
			name = Debug;
		};
		DC09072725C4F083001A1D29 /* Release */ = {
			isa = XCBuildConfiguration;
			buildSettings = {
				ASSETCATALOG_COMPILER_APPICON_NAME = AppIcon;
				CODE_SIGN_STYLE = Automatic;
				DEVELOPMENT_TEAM = CRF7U674EN;
				INFOPLIST_FILE = IntermediateTraining/Info.plist;
				LD_RUNPATH_SEARCH_PATHS = (
					"$(inherited)",
					"@executable_path/Frameworks",
				);
				PRODUCT_BUNDLE_IDENTIFIER = China.FoeverKid.FreeLove.IntermediateTraining;
				PRODUCT_NAME = "$(TARGET_NAME)";
				SWIFT_VERSION = 5.0;
				TARGETED_DEVICE_FAMILY = "1,2";
			};
			name = Release;
		};
/* End XCBuildConfiguration section */

/* Begin XCConfigurationList section */
		DC09070C25C4F081001A1D29 /* Build configuration list for PBXProject "IntermediateTraining" */ = {
			isa = XCConfigurationList;
			buildConfigurations = (
				DC09072325C4F083001A1D29 /* Debug */,
				DC09072425C4F083001A1D29 /* Release */,
			);
			defaultConfigurationIsVisible = 0;
			defaultConfigurationName = Release;
		};
		DC09072525C4F083001A1D29 /* Build configuration list for PBXNativeTarget "IntermediateTraining" */ = {
			isa = XCConfigurationList;
			buildConfigurations = (
				DC09072625C4F083001A1D29 /* Debug */,
				DC09072725C4F083001A1D29 /* Release */,
			);
			defaultConfigurationIsVisible = 0;
			defaultConfigurationName = Release;
		};
/* End XCConfigurationList section */

/* Begin XCVersionGroup section */
		DCA2DC3925C6DE3D00603C08 /* Model.xcdatamodeld */ = {
			isa = XCVersionGroup;
			children = (
				DCA2DC3A25C6DE3D00603C08 /* Model.xcdatamodel */,
			);
			currentVersion = DCA2DC3A25C6DE3D00603C08 /* Model.xcdatamodel */;
			path = Model.xcdatamodeld;
			sourceTree = "<group>";
			versionGroupType = wrapper.xcdatamodel;
		};
/* End XCVersionGroup section */
	};
	rootObject = DC09070925C4F081001A1D29 /* Project object */;
}
